
Microsoft Visual Studio Solution File, Format Version 12.00
# Visual Studio Version 16
VisualStudioVersion = 16.0.31321.278
MinimumVisualStudioVersion = 10.0.40219.1
Project("{FAE04EC0-301F-11D3-BF4B-00C04F79EFBC}") = "ApiCatalogosJogos", "ApiCatalogosJogos\ApiCatalogosJogos.csproj", "{6C05EB3E-0343-4AE5-A754-1B823842BFDE}"
EndProject
Global
	GlobalSection(SolutionConfigurationPlatforms) = preSolution
		Debug|Any CPU = Debug|Any CPU
		Release|Any CPU = Release|Any CPU
	EndGlobalSection
	GlobalSection(ProjectConfigurationPlatforms) = postSolution
		{6C05EB3E-0343-4AE5-A754-1B823842BFDE}.Debug|Any CPU.ActiveCfg = Debug|Any CPU
		{6C05EB3E-0343-4AE5-A754-1B823842BFDE}.Debug|Any CPU.Build.0 = Debug|Any CPU
		{6C05EB3E-0343-4AE5-A754-1B823842BFDE}.Release|Any CPU.ActiveCfg = Release|Any CPU
		{6C05EB3E-0343-4AE5-A754-1B823842BFDE}.Release|Any CPU.Build.0 = Release|Any CPU
	EndGlobalSection
	GlobalSection(SolutionProperties) = preSolution
		HideSolutionNode = FALSE
	EndGlobalSection
	GlobalSection(ExtensibilityGlobals) = postSolution
		SolutionGuid = {910C7CC4-BE11-41F6-8842-77D8977DC98B}
	EndGlobalSection
EndGlobal
